
Microsoft Visual Studio Solution File, Format Version 12.00
# Visual Studio 15
VisualStudioVersion = 15.0.27428.2002
MinimumVisualStudioVersion = 10.0.40219.1
Project("{FAE04EC0-301F-11D3-BF4B-00C04F79EFBC}") = "WebBackgroundJobs", "WebBackgroundJobs\WebBackgroundJobs.csproj", "{4A0B474B-4024-4EE2-A35F-2FC10BFF48A7}"
EndProject
Global
	GlobalSection(SolutionConfigurationPlatforms) = preSolution
		Debug|Any CPU = Debug|Any CPU
		Release|Any CPU = Release|Any CPU
	EndGlobalSection
	GlobalSection(ProjectConfigurationPlatforms) = postSolution
		{4A0B474B-4024-4EE2-A35F-2FC10BFF48A7}.Debug|Any CPU.ActiveCfg = Debug|Any CPU
		{4A0B474B-4024-4EE2-A35F-2FC10BFF48A7}.Debug|Any CPU.Build.0 = Debug|Any CPU
		{4A0B474B-4024-4EE2-A35F-2FC10BFF48A7}.Release|Any CPU.ActiveCfg = Release|Any CPU
		{4A0B474B-4024-4EE2-A35F-2FC10BFF48A7}.Release|Any CPU.Build.0 = Release|Any CPU
	EndGlobalSection
	GlobalSection(SolutionProperties) = preSolution
		HideSolutionNode = FALSE
	EndGlobalSection
	GlobalSection(ExtensibilityGlobals) = postSolution
		SolutionGuid = {2E5FF40C-67A7-4C08-842E-4EF3944C402E}
	EndGlobalSection
EndGlobal
